
Microsoft Visual Studio Solution File, Format Version 12.00
# Visual Studio Version 17
VisualStudioVersion = 17.9.34728.123
MinimumVisualStudioVersion = 10.0.40219.1
Project("{FAE04EC0-301F-11D3-BF4B-00C04F79EFBC}") = "Serializacao_JSON", "Serializacao\Serializacao_JSON.csproj", "{DAD53ED6-3642-4156-86B6-90A9003A9165}"
EndProject
Project("{FAE04EC0-301F-11D3-BF4B-00C04F79EFBC}") = "Serializacao_XML", "Serializacao_XML\Serializacao_XML.csproj", "{84369C1D-A66C-4BD8-BFFF-A680B3E18BF3}"
EndProject
Global
	GlobalSection(SolutionConfigurationPlatforms) = preSolution
		Debug|Any CPU = Debug|Any CPU
		Release|Any CPU = Release|Any CPU
	EndGlobalSection
	GlobalSection(ProjectConfigurationPlatforms) = postSolution
		{DAD53ED6-3642-4156-86B6-90A9003A9165}.Debug|Any CPU.ActiveCfg = Debug|Any CPU
		{DAD53ED6-3642-4156-86B6-90A9003A9165}.Debug|Any CPU.Build.0 = Debug|Any CPU
		{DAD53ED6-3642-4156-86B6-90A9003A9165}.Release|Any CPU.ActiveCfg = Release|Any CPU
		{DAD53ED6-3642-4156-86B6-90A9003A9165}.Release|Any CPU.Build.0 = Release|Any CPU
		{84369C1D-A66C-4BD8-BFFF-A680B3E18BF3}.Debug|Any CPU.ActiveCfg = Debug|Any CPU
		{84369C1D-A66C-4BD8-BFFF-A680B3E18BF3}.Debug|Any CPU.Build.0 = Debug|Any CPU
		{84369C1D-A66C-4BD8-BFFF-A680B3E18BF3}.Release|Any CPU.ActiveCfg = Release|Any CPU
		{84369C1D-A66C-4BD8-BFFF-A680B3E18BF3}.Release|Any CPU.Build.0 = Release|Any CPU
	EndGlobalSection
	GlobalSection(SolutionProperties) = preSolution
		HideSolutionNode = FALSE
	EndGlobalSection
	GlobalSection(ExtensibilityGlobals) = postSolution
		SolutionGuid = {558C1C3B-FCD4-4CA1-BC59-5442C7DE80E1}
	EndGlobalSection
EndGlobal
